// !$*UTF8*$!
{
	archiveVersion = 1;
	classes = {
	};
	objectVersion = 77;
	objects = {

/* Begin PBXBuildFile section */
		3E73A6DD69471EDD7CA4B3E6 /* Pods_Pecker.framework in Frameworks */ = {isa = PBXBuildFile; fileRef = 6FB51BB03928AF363AAB6030 /* Pods_Pecker.framework */; };
		EE4A16AE2D58F419001ADC2B /* MLXLLM in Frameworks */ = {isa = PBXBuildFile; productRef = EE4A16AD2D58F419001ADC2B /* MLXLLM */; };
		EE4A16B02D58F419001ADC2B /* MLXLMCommon in Frameworks */ = {isa = PBXBuildFile; productRef = EE4A16AF2D58F419001ADC2B /* MLXLMCommon */; };
		EE4A16B22D58F419001ADC2B /* MLXMNIST in Frameworks */ = {isa = PBXBuildFile; productRef = EE4A16B12D58F419001ADC2B /* MLXMNIST */; };
		EE4A16B42D58F419001ADC2B /* MLXVLM in Frameworks */ = {isa = PBXBuildFile; productRef = EE4A16B32D58F419001ADC2B /* MLXVLM */; };
		EE4A16B62D58F419001ADC2B /* StableDiffusion in Frameworks */ = {isa = PBXBuildFile; productRef = EE4A16B52D58F419001ADC2B /* StableDiffusion */; };
		EE4A17042D5B1202001ADC2B /* FeedKit in Frameworks */ = {isa = PBXBuildFile; productRef = EE4A17032D5B1202001ADC2B /* FeedKit */; };
		EE4A17072D5B1248001ADC2B /* SwiftSoup in Frameworks */ = {isa = PBXBuildFile; productRef = EE4A17062D5B1248001ADC2B /* SwiftSoup */; };
		EE4A170A2D5B1270001ADC2B /* Kingfisher in Frameworks */ = {isa = PBXBuildFile; productRef = EE4A17092D5B1270001ADC2B /* Kingfisher */; };
		EE4A170D2D5B1332001ADC2B /* JXSegmentedView in Frameworks */ = {isa = PBXBuildFile; productRef = EE4A170C2D5B1332001ADC2B /* JXSegmentedView */; };
		EED1C3AB2D5B14DC006CF14D /* SwiftDate in Frameworks */ = {isa = PBXBuildFile; productRef = EED1C3AA2D5B14DC006CF14D /* SwiftDate */; };
		EED1C3B32D5B1533006CF14D /* SwiftyJSON in Frameworks */ = {isa = PBXBuildFile; productRef = EED1C3B22D5B1533006CF14D /* SwiftyJSON */; };
		EED1C3B62D5B1550006CF14D /* SwiftUIX in Frameworks */ = {isa = PBXBuildFile; productRef = EED1C3B52D5B1550006CF14D /* SwiftUIX */; };
		EED1C3BE2D5B166C006CF14D /* Down in Frameworks */ = {isa = PBXBuildFile; productRef = EED1C3BD2D5B166C006CF14D /* Down */; };
		EED1C4BC2D5B170C006CF14D /* Lottie in Frameworks */ = {isa = PBXBuildFile; productRef = EED1C4BB2D5B170C006CF14D /* Lottie */; };
		EED1C4BF2D5B1720006CF14D /* SnapKit in Frameworks */ = {isa = PBXBuildFile; productRef = EED1C4BE2D5B1720006CF14D /* SnapKit */; };
		EED1C5C02D5B187F006CF14D /* AEXML in Frameworks */ = {isa = PBXBuildFile; productRef = EED1C5BF2D5B187F006CF14D /* AEXML */; };
		EED1C5C32D5B1916006CF14D /* RealmSwift in Frameworks */ = {isa = PBXBuildFile; productRef = EED1C5C22D5B1916006CF14D /* RealmSwift */; };
		EED1C5C42D5B1924006CF14D /* RealmSwift in Embed Frameworks */ = {isa = PBXBuildFile; productRef = EED1C5C22D5B1916006CF14D /* RealmSwift */; settings = {ATTRIBUTES = (CodeSignOnCopy, ); }; };
/* End PBXBuildFile section */

/* Begin PBXCopyFilesBuildPhase section */
		EE65971F2D05DDD2000732E0 /* Embed Watch Content */ = {
			isa = PBXCopyFilesBuildPhase;
			buildActionMask = 2147483647;
			dstPath = "$(CONTENTS_FOLDER_PATH)/Watch";
			dstSubfolderSpec = 16;
			files = (
			);
			name = "Embed Watch Content";
			runOnlyForDeploymentPostprocessing = 0;
		};
		EEB088EB2CFE25C3006DC4E9 /* Embed Frameworks */ = {
			isa = PBXCopyFilesBuildPhase;
			buildActionMask = 2147483647;
			dstPath = "";
			dstSubfolderSpec = 10;
			files = (
				EED1C5C42D5B1924006CF14D /* RealmSwift in Embed Frameworks */,
			);
			name = "Embed Frameworks";
			runOnlyForDeploymentPostprocessing = 0;
		};
/* End PBXCopyFilesBuildPhase section */

/* Begin PBXFileReference section */
		6FB51BB03928AF363AAB6030 /* Pods_Pecker.framework */ = {isa = PBXFileReference; explicitFileType = wrapper.framework; includeInIndex = 0; path = Pods_Pecker.framework; sourceTree = BUILT_PRODUCTS_DIR; };
		EE0249C62CFCA1AD00CA6901 /* Pecker.app */ = {isa = PBXFileReference; explicitFileType = wrapper.application; includeInIndex = 0; path = Pecker.app; sourceTree = BUILT_PRODUCTS_DIR; };
/* End PBXFileReference section */

/* Begin PBXFileSystemSynchronizedBuildFileExceptionSet section */
		EE0249D82CFCA1AF00CA6901 /* Exceptions for "Pecker" folder in "Pecker" target */ = {
			isa = PBXFileSystemSynchronizedBuildFileExceptionSet;
			membershipExceptions = (
				Info.plist,
			);
			target = EE0249C52CFCA1AD00CA6901 /* Pecker */;
		};
/* End PBXFileSystemSynchronizedBuildFileExceptionSet section */

/* Begin PBXFileSystemSynchronizedRootGroup section */
		EE0249C82CFCA1AD00CA6901 /* Pecker */ = {
			isa = PBXFileSystemSynchronizedRootGroup;
			exceptions = (
				EE0249D82CFCA1AF00CA6901 /* Exceptions for "Pecker" folder in "Pecker" target */,
			);
			path = Pecker;
			sourceTree = "<group>";
		};
/* End PBXFileSystemSynchronizedRootGroup section */

/* Begin PBXFrameworksBuildPhase section */
		EE0249C32CFCA1AD00CA6901 /* Frameworks */ = {
			isa = PBXFrameworksBuildPhase;
			buildActionMask = 2147483647;
			files = (
				EE4A16B42D58F419001ADC2B /* MLXVLM in Frameworks */,
				EED1C4BF2D5B1720006CF14D /* SnapKit in Frameworks */,
				EE4A16B62D58F419001ADC2B /* StableDiffusion in Frameworks */,
				EE4A16B22D58F419001ADC2B /* MLXMNIST in Frameworks */,
				EE4A170A2D5B1270001ADC2B /* Kingfisher in Frameworks */,
				EE4A16AE2D58F419001ADC2B /* MLXLLM in Frameworks */,
				EE4A16B02D58F419001ADC2B /* MLXLMCommon in Frameworks */,
				EED1C4BC2D5B170C006CF14D /* Lottie in Frameworks */,
				EE4A17072D5B1248001ADC2B /* SwiftSoup in Frameworks */,
				3E73A6DD69471EDD7CA4B3E6 /* Pods_Pecker.framework in Frameworks */,
				EED1C3BE2D5B166C006CF14D /* Down in Frameworks */,
				EED1C5C02D5B187F006CF14D /* AEXML in Frameworks */,
				EED1C5C32D5B1916006CF14D /* RealmSwift in Frameworks */,
				EED1C3B32D5B1533006CF14D /* SwiftyJSON in Frameworks */,
				EE4A170D2D5B1332001ADC2B /* JXSegmentedView in Frameworks */,
				EE4A17042D5B1202001ADC2B /* FeedKit in Frameworks */,
				EED1C3B62D5B1550006CF14D /* SwiftUIX in Frameworks */,
				EED1C3AB2D5B14DC006CF14D /* SwiftDate in Frameworks */,
			);
			runOnlyForDeploymentPostprocessing = 0;
		};
/* End PBXFrameworksBuildPhase section */

/* Begin PBXGroup section */
		EE0249BD2CFCA1AD00CA6901 = {
			isa = PBXGroup;
			children = (
				EE0249C82CFCA1AD00CA6901 /* Pecker */,
				EEB088E72CFE25C3006DC4E9 /* Frameworks */,
				EE0249C72CFCA1AD00CA6901 /* Products */,
			);
			sourceTree = "<group>";
		};
		EE0249C72CFCA1AD00CA6901 /* Products */ = {
			isa = PBXGroup;
			children = (
				EE0249C62CFCA1AD00CA6901 /* Pecker.app */,
			);
			name = Products;
			sourceTree = "<group>";
		};
		EEB088E72CFE25C3006DC4E9 /* Frameworks */ = {
			isa = PBXGroup;
			children = (
				6FB51BB03928AF363AAB6030 /* Pods_Pecker.framework */,
			);
			name = Frameworks;
			sourceTree = "<group>";
		};
/* End PBXGroup section */

/* Begin PBXNativeTarget section */
		EE0249C52CFCA1AD00CA6901 /* Pecker */ = {
			isa = PBXNativeTarget;
			buildConfigurationList = EE0249D92CFCA1AF00CA6901 /* Build configuration list for PBXNativeTarget "Pecker" */;
			buildPhases = (
				9AC2EC0C0442EBB0F2817C2A /* [CP] Check Pods Manifest.lock */,
				EE0249C22CFCA1AD00CA6901 /* Sources */,
				EE0249C32CFCA1AD00CA6901 /* Frameworks */,
				EE0249C42CFCA1AD00CA6901 /* Resources */,
				EEB088EB2CFE25C3006DC4E9 /* Embed Frameworks */,
				BE67641F09EEBAFEB8539F6F /* [CP] Embed Pods Frameworks */,
				EE65971F2D05DDD2000732E0 /* Embed Watch Content */,
			);
			buildRules = (
			);
			dependencies = (
			);
			fileSystemSynchronizedGroups = (
				EE0249C82CFCA1AD00CA6901 /* Pecker */,
			);
			name = Pecker;
			packageProductDependencies = (
				EE4A16AD2D58F419001ADC2B /* MLXLLM */,
				EE4A16AF2D58F419001ADC2B /* MLXLMCommon */,
				EE4A16B12D58F419001ADC2B /* MLXMNIST */,
				EE4A16B32D58F419001ADC2B /* MLXVLM */,
				EE4A16B52D58F419001ADC2B /* StableDiffusion */,
				EE4A17032D5B1202001ADC2B /* FeedKit */,
				EE4A17062D5B1248001ADC2B /* SwiftSoup */,
				EE4A17092D5B1270001ADC2B /* Kingfisher */,
				EE4A170C2D5B1332001ADC2B /* JXSegmentedView */,
				EED1C3AA2D5B14DC006CF14D /* SwiftDate */,
				EED1C3B22D5B1533006CF14D /* SwiftyJSON */,
				EED1C3B52D5B1550006CF14D /* SwiftUIX */,
				EED1C3BD2D5B166C006CF14D /* Down */,
				EED1C4BB2D5B170C006CF14D /* Lottie */,
				EED1C4BE2D5B1720006CF14D /* SnapKit */,
				EED1C5BF2D5B187F006CF14D /* AEXML */,
				EED1C5C22D5B1916006CF14D /* RealmSwift */,
			);
			productName = Pecker;
			productReference = EE0249C62CFCA1AD00CA6901 /* Pecker.app */;
			productType = "com.apple.product-type.application";
		};
/* End PBXNativeTarget section */

/* Begin PBXProject section */
		EE0249BE2CFCA1AD00CA6901 /* Project object */ = {
			isa = PBXProject;
			attributes = {
				BuildIndependentTargetsInParallel = 1;
				LastSwiftUpdateCheck = 1610;
				LastUpgradeCheck = 1610;
				TargetAttributes = {
					EE0249C52CFCA1AD00CA6901 = {
						CreatedOnToolsVersion = 16.1;
						LastSwiftMigration = 1610;
					};
				};
			};
			buildConfigurationList = EE0249C12CFCA1AD00CA6901 /* Build configuration list for PBXProject "Pecker" */;
			developmentRegion = en;
			hasScannedForEncodings = 0;
			knownRegions = (
				en,
				Base,
				"zh-Hans",
			);
			mainGroup = EE0249BD2CFCA1AD00CA6901;
			minimizedProjectReferenceProxies = 1;
			packageReferences = (
				EE4A16AC2D58F419001ADC2B /* XCRemoteSwiftPackageReference "mlx-swift-examples" */,
				EE4A17022D5B1202001ADC2B /* XCRemoteSwiftPackageReference "FeedKit" */,
				EE4A17052D5B1248001ADC2B /* XCRemoteSwiftPackageReference "SwiftSoup" */,
				EE4A17082D5B1270001ADC2B /* XCRemoteSwiftPackageReference "Kingfisher" */,
				EE4A170B2D5B1332001ADC2B /* XCRemoteSwiftPackageReference "JXSegmentedView" */,
				EED1C3A92D5B14DC006CF14D /* XCRemoteSwiftPackageReference "SwiftDate" */,
				EED1C3B12D5B1533006CF14D /* XCRemoteSwiftPackageReference "SwiftyJSON" */,
				EED1C3B42D5B1550006CF14D /* XCRemoteSwiftPackageReference "SwiftUIX" */,
				EED1C3BC2D5B166C006CF14D /* XCRemoteSwiftPackageReference "Down" */,
				EED1C4BA2D5B170C006CF14D /* XCRemoteSwiftPackageReference "lottie-ios" */,
				EED1C4BD2D5B1720006CF14D /* XCRemoteSwiftPackageReference "SnapKit" */,
				EED1C5BE2D5B187F006CF14D /* XCRemoteSwiftPackageReference "AEXML" */,
				EED1C5C12D5B1916006CF14D /* XCRemoteSwiftPackageReference "realm-swift" */,
			);
			preferredProjectObjectVersion = 77;
			productRefGroup = EE0249C72CFCA1AD00CA6901 /* Products */;
			projectDirPath = "";
			projectRoot = "";
			targets = (
				EE0249C52CFCA1AD00CA6901 /* Pecker */,
			);
		};
/* End PBXProject section */

/* Begin PBXResourcesBuildPhase section */
		EE0249C42CFCA1AD00CA6901 /* Resources */ = {
			isa = PBXResourcesBuildPhase;
			buildActionMask = 2147483647;
			files = (
			);
			runOnlyForDeploymentPostprocessing = 0;
		};
/* End PBXResourcesBuildPhase section */

/* Begin PBXShellScriptBuildPhase section */
		9AC2EC0C0442EBB0F2817C2A /* [CP] Check Pods Manifest.lock */ = {
			isa = PBXShellScriptBuildPhase;
			buildActionMask = 2147483647;
			files = (
			);
			inputFileListPaths = (
			);
			inputPaths = (
				"${PODS_PODFILE_DIR_PATH}/Podfile.lock",
				"${PODS_ROOT}/Manifest.lock",
			);
			name = "[CP] Check Pods Manifest.lock";
			outputFileListPaths = (
			);
			outputPaths = (
				"$(DERIVED_FILE_DIR)/Pods-Pecker-checkManifestLockResult.txt",
			);
			runOnlyForDeploymentPostprocessing = 0;
			shellPath = /bin/sh;
			shellScript = "diff \"${PODS_PODFILE_DIR_PATH}/Podfile.lock\" \"${PODS_ROOT}/Manifest.lock\" > /dev/null\nif [ $? != 0 ] ; then\n    # print error to STDERR\n    echo \"error: The sandbox is not in sync with the Podfile.lock. Run 'pod install' or update your CocoaPods installation.\" >&2\n    exit 1\nfi\n# This output is used by Xcode 'outputs' to avoid re-running this script phase.\necho \"SUCCESS\" > \"${SCRIPT_OUTPUT_FILE_0}\"\n";
			showEnvVarsInLog = 0;
		};
		BE67641F09EEBAFEB8539F6F /* [CP] Embed Pods Frameworks */ = {
			isa = PBXShellScriptBuildPhase;
			buildActionMask = 2147483647;
			files = (
			);
			inputFileListPaths = (
				"${PODS_ROOT}/Target Support Files/Pods-Pecker/Pods-Pecker-frameworks-${CONFIGURATION}-input-files.xcfilelist",
			);
			name = "[CP] Embed Pods Frameworks";
			outputFileListPaths = (
				"${PODS_ROOT}/Target Support Files/Pods-Pecker/Pods-Pecker-frameworks-${CONFIGURATION}-output-files.xcfilelist",
			);
			runOnlyForDeploymentPostprocessing = 0;
			shellPath = /bin/sh;
			shellScript = "\"${PODS_ROOT}/Target Support Files/Pods-Pecker/Pods-Pecker-frameworks.sh\"\n";
			showEnvVarsInLog = 0;
		};
/* End PBXShellScriptBuildPhase section */

/* Begin PBXSourcesBuildPhase section */
		EE0249C22CFCA1AD00CA6901 /* Sources */ = {
			isa = PBXSourcesBuildPhase;
			buildActionMask = 2147483647;
			files = (
			);
			runOnlyForDeploymentPostprocessing = 0;
		};
/* End PBXSourcesBuildPhase section */

/* Begin XCBuildConfiguration section */
		EE0249DA2CFCA1AF00CA6901 /* Debug */ = {
			isa = XCBuildConfiguration;
			buildSettings = {
				ASSETCATALOG_COMPILER_APPICON_NAME = AppIcon;
				ASSETCATALOG_COMPILER_GLOBAL_ACCENT_COLOR_NAME = AccentColor;
				CLANG_ENABLE_MODULES = YES;
				CODE_SIGN_ENTITLEMENTS = Pecker/Pecker.entitlements;
				CODE_SIGN_STYLE = Automatic;
				CURRENT_PROJECT_VERSION = 1;
				DEVELOPMENT_TEAM = HSJP264LHP;
				GENERATE_INFOPLIST_FILE = YES;
				INFOPLIST_FILE = Pecker/Info.plist;
				INFOPLIST_KEY_CFBundleDisplayName = Pecker;
				INFOPLIST_KEY_LSApplicationCategoryType = "public.app-category.utilities";
				INFOPLIST_KEY_NSCameraUsageDescription = "需要使用您的图像用于识别";
				INFOPLIST_KEY_NSMicrophoneUsageDescription = "需要使用您的声音用于识别";
				INFOPLIST_KEY_NSPhotoLibraryUsageDescription = "需要使用您的照片用于识别";
				INFOPLIST_KEY_NSSpeechRecognitionUsageDescription = "需要使用您的语音识别用于识别";
				INFOPLIST_KEY_UIApplicationSupportsIndirectInputEvents = YES;
				INFOPLIST_KEY_UILaunchStoryboardName = LaunchScreen;
				INFOPLIST_KEY_UIMainStoryboardFile = Main;
				INFOPLIST_KEY_UISupportedInterfaceOrientations_iPad = "UIInterfaceOrientationPortrait UIInterfaceOrientationPortraitUpsideDown UIInterfaceOrientationLandscapeLeft UIInterfaceOrientationLandscapeRight";
				INFOPLIST_KEY_UISupportedInterfaceOrientations_iPhone = "UIInterfaceOrientationPortrait UIInterfaceOrientationLandscapeLeft UIInterfaceOrientationLandscapeRight";
				IPHONEOS_DEPLOYMENT_TARGET = 17.0;
				LD_RUNPATH_SEARCH_PATHS = (
					"$(inherited)",
					"@executable_path/Frameworks",
				);
				MARKETING_VERSION = 1.1.0;
				PRODUCT_BUNDLE_IDENTIFIER = com.elanchou.pecker.debug;
				PRODUCT_NAME = "$(TARGET_NAME)";
				SUPPORTED_PLATFORMS = "iphoneos iphonesimulator";
				SUPPORTS_MACCATALYST = NO;
				SUPPORTS_MAC_DESIGNED_FOR_IPHONE_IPAD = NO;
				SUPPORTS_XR_DESIGNED_FOR_IPHONE_IPAD = NO;
				SWIFT_EMIT_LOC_STRINGS = YES;
				SWIFT_OPTIMIZATION_LEVEL = "-Onone";
				SWIFT_VERSION = 5.0;
				TARGETED_DEVICE_FAMILY = 1;
			};
			name = Debug;
		};
		EE0249DB2CFCA1AF00CA6901 /* Release */ = {
			isa = XCBuildConfiguration;
			buildSettings = {
				ASSETCATALOG_COMPILER_APPICON_NAME = AppIcon;
				ASSETCATALOG_COMPILER_GLOBAL_ACCENT_COLOR_NAME = AccentColor;
				CLANG_ENABLE_MODULES = YES;
				CODE_SIGN_ENTITLEMENTS = Pecker/Pecker.entitlements;
				CODE_SIGN_STYLE = Automatic;
				CURRENT_PROJECT_VERSION = 1;
				DEVELOPMENT_TEAM = HSJP264LHP;
				GENERATE_INFOPLIST_FILE = YES;
				INFOPLIST_FILE = Pecker/Info.plist;
				INFOPLIST_KEY_CFBundleDisplayName = Pecker;
				INFOPLIST_KEY_LSApplicationCategoryType = "public.app-category.utilities";
				INFOPLIST_KEY_NSCameraUsageDescription = "需要使用您的图像用于识别";
				INFOPLIST_KEY_NSMicrophoneUsageDescription = "需要使用您的声音用于识别";
				INFOPLIST_KEY_NSPhotoLibraryUsageDescription = "需要使用您的照片用于识别";
				INFOPLIST_KEY_NSSpeechRecognitionUsageDescription = "需要使用您的语音识别用于识别";
				INFOPLIST_KEY_UIApplicationSupportsIndirectInputEvents = YES;
				INFOPLIST_KEY_UILaunchStoryboardName = LaunchScreen;
				INFOPLIST_KEY_UIMainStoryboardFile = Main;
				INFOPLIST_KEY_UISupportedInterfaceOrientations_iPad = "UIInterfaceOrientationPortrait UIInterfaceOrientationPortraitUpsideDown UIInterfaceOrientationLandscapeLeft UIInterfaceOrientationLandscapeRight";
				INFOPLIST_KEY_UISupportedInterfaceOrientations_iPhone = "UIInterfaceOrientationPortrait UIInterfaceOrientationLandscapeLeft UIInterfaceOrientationLandscapeRight";
				IPHONEOS_DEPLOYMENT_TARGET = 17.0;
				LD_RUNPATH_SEARCH_PATHS = (
					"$(inherited)",
					"@executable_path/Frameworks",
				);
				MARKETING_VERSION = 1.1.0;
				PRODUCT_BUNDLE_IDENTIFIER = com.elanchou.pecker;
				PRODUCT_NAME = "$(TARGET_NAME)";
				SUPPORTED_PLATFORMS = "iphoneos iphonesimulator";
				SUPPORTS_MACCATALYST = NO;
				SUPPORTS_MAC_DESIGNED_FOR_IPHONE_IPAD = NO;
				SUPPORTS_XR_DESIGNED_FOR_IPHONE_IPAD = NO;
				SWIFT_EMIT_LOC_STRINGS = YES;
				SWIFT_VERSION = 5.0;
				TARGETED_DEVICE_FAMILY = 1;
			};
			name = Release;
		};
		EE0249DC2CFCA1AF00CA6901 /* Debug */ = {
			isa = XCBuildConfiguration;
			buildSettings = {
				ALWAYS_SEARCH_USER_PATHS = NO;
				ASSETCATALOG_COMPILER_GENERATE_SWIFT_ASSET_SYMBOL_EXTENSIONS = YES;
				ASSETCATALOG_COMPILER_OPTIMIZATION = space;
				CLANG_ANALYZER_NONNULL = YES;
				CLANG_ANALYZER_NUMBER_OBJECT_CONVERSION = YES_AGGRESSIVE;
				CLANG_CXX_LANGUAGE_STANDARD = "gnu++20";
				CLANG_ENABLE_MODULES = YES;
				CLANG_ENABLE_OBJC_ARC = YES;
				CLANG_ENABLE_OBJC_WEAK = YES;
				CLANG_WARN_BLOCK_CAPTURE_AUTORELEASING = YES;
				CLANG_WARN_BOOL_CONVERSION = YES;
				CLANG_WARN_COMMA = YES;
				CLANG_WARN_CONSTANT_CONVERSION = YES;
				CLANG_WARN_DEPRECATED_OBJC_IMPLEMENTATIONS = YES;
				CLANG_WARN_DIRECT_OBJC_ISA_USAGE = YES_ERROR;
				CLANG_WARN_DOCUMENTATION_COMMENTS = YES;
				CLANG_WARN_EMPTY_BODY = YES;
				CLANG_WARN_ENUM_CONVERSION = YES;
				CLANG_WARN_INFINITE_RECURSION = YES;
				CLANG_WARN_INT_CONVERSION = YES;
				CLANG_WARN_NON_LITERAL_NULL_CONVERSION = YES;
				CLANG_WARN_OBJC_IMPLICIT_RETAIN_SELF = YES;
				CLANG_WARN_OBJC_LITERAL_CONVERSION = YES;
				CLANG_WARN_OBJC_ROOT_CLASS = YES_ERROR;
				CLANG_WARN_QUOTED_INCLUDE_IN_FRAMEWORK_HEADER = YES;
				CLANG_WARN_RANGE_LOOP_ANALYSIS = YES;
				CLANG_WARN_STRICT_PROTOTYPES = YES;
				CLANG_WARN_SUSPICIOUS_MOVE = YES;
				CLANG_WARN_UNGUARDED_AVAILABILITY = YES_AGGRESSIVE;
				CLANG_WARN_UNREACHABLE_CODE = YES;
				CLANG_WARN__DUPLICATE_METHOD_MATCH = YES;
				COPY_PHASE_STRIP = NO;
				DEBUG_INFORMATION_FORMAT = dwarf;
				ENABLE_STRICT_OBJC_MSGSEND = YES;
				ENABLE_TESTABILITY = YES;
				ENABLE_USER_SCRIPT_SANDBOXING = NO;
				GCC_C_LANGUAGE_STANDARD = gnu17;
				GCC_DYNAMIC_NO_PIC = NO;
				GCC_NO_COMMON_BLOCKS = YES;
				GCC_OPTIMIZATION_LEVEL = 0;
				GCC_PREPROCESSOR_DEFINITIONS = (
					"DEBUG=1",
					"$(inherited)",
				);
				GCC_WARN_64_TO_32_BIT_CONVERSION = YES;
				GCC_WARN_ABOUT_RETURN_TYPE = YES_ERROR;
				GCC_WARN_UNDECLARED_SELECTOR = YES;
				GCC_WARN_UNINITIALIZED_AUTOS = YES_AGGRESSIVE;
				GCC_WARN_UNUSED_FUNCTION = YES;
				GCC_WARN_UNUSED_VARIABLE = YES;
				IPHONEOS_DEPLOYMENT_TARGET = 18.1;
				LOCALIZATION_PREFERS_STRING_CATALOGS = YES;
				MTL_ENABLE_DEBUG_INFO = INCLUDE_SOURCE;
				MTL_FAST_MATH = YES;
				ONLY_ACTIVE_ARCH = YES;
				SDKROOT = iphoneos;
				SWIFT_ACTIVE_COMPILATION_CONDITIONS = "DEBUG $(inherited)";
				SWIFT_OPTIMIZATION_LEVEL = "-Onone";
			};
			name = Debug;
		};
		EE0249DD2CFCA1AF00CA6901 /* Release */ = {
			isa = XCBuildConfiguration;
			buildSettings = {
				ALWAYS_SEARCH_USER_PATHS = NO;
				ASSETCATALOG_COMPILER_GENERATE_SWIFT_ASSET_SYMBOL_EXTENSIONS = YES;
				ASSETCATALOG_COMPILER_OPTIMIZATION = space;
				CLANG_ANALYZER_NONNULL = YES;
				CLANG_ANALYZER_NUMBER_OBJECT_CONVERSION = YES_AGGRESSIVE;
				CLANG_CXX_LANGUAGE_STANDARD = "gnu++20";
				CLANG_ENABLE_MODULES = YES;
				CLANG_ENABLE_OBJC_ARC = YES;
				CLANG_ENABLE_OBJC_WEAK = YES;
				CLANG_WARN_BLOCK_CAPTURE_AUTORELEASING = YES;
				CLANG_WARN_BOOL_CONVERSION = YES;
				CLANG_WARN_COMMA = YES;
				CLANG_WARN_CONSTANT_CONVERSION = YES;
				CLANG_WARN_DEPRECATED_OBJC_IMPLEMENTATIONS = YES;
				CLANG_WARN_DIRECT_OBJC_ISA_USAGE = YES_ERROR;
				CLANG_WARN_DOCUMENTATION_COMMENTS = YES;
				CLANG_WARN_EMPTY_BODY = YES;
				CLANG_WARN_ENUM_CONVERSION = YES;
				CLANG_WARN_INFINITE_RECURSION = YES;
				CLANG_WARN_INT_CONVERSION = YES;
				CLANG_WARN_NON_LITERAL_NULL_CONVERSION = YES;
				CLANG_WARN_OBJC_IMPLICIT_RETAIN_SELF = YES;
				CLANG_WARN_OBJC_LITERAL_CONVERSION = YES;
				CLANG_WARN_OBJC_ROOT_CLASS = YES_ERROR;
				CLANG_WARN_QUOTED_INCLUDE_IN_FRAMEWORK_HEADER = YES;
				CLANG_WARN_RANGE_LOOP_ANALYSIS = YES;
				CLANG_WARN_STRICT_PROTOTYPES = YES;
				CLANG_WARN_SUSPICIOUS_MOVE = YES;
				CLANG_WARN_UNGUARDED_AVAILABILITY = YES_AGGRESSIVE;
				CLANG_WARN_UNREACHABLE_CODE = YES;
				CLANG_WARN__DUPLICATE_METHOD_MATCH = YES;
				COPY_PHASE_STRIP = NO;
				DEBUG_INFORMATION_FORMAT = "dwarf-with-dsym";
				ENABLE_NS_ASSERTIONS = NO;
				ENABLE_STRICT_OBJC_MSGSEND = YES;
				ENABLE_USER_SCRIPT_SANDBOXING = NO;
				GCC_C_LANGUAGE_STANDARD = gnu17;
				GCC_NO_COMMON_BLOCKS = YES;
				GCC_WARN_64_TO_32_BIT_CONVERSION = YES;
				GCC_WARN_ABOUT_RETURN_TYPE = YES_ERROR;
				GCC_WARN_UNDECLARED_SELECTOR = YES;
				GCC_WARN_UNINITIALIZED_AUTOS = YES_AGGRESSIVE;
				GCC_WARN_UNUSED_FUNCTION = YES;
				GCC_WARN_UNUSED_VARIABLE = YES;
				IPHONEOS_DEPLOYMENT_TARGET = 18.1;
				LOCALIZATION_PREFERS_STRING_CATALOGS = YES;
				MTL_ENABLE_DEBUG_INFO = NO;
				MTL_FAST_MATH = YES;
				SDKROOT = iphoneos;
				SWIFT_COMPILATION_MODE = wholemodule;
				VALIDATE_PRODUCT = YES;
			};
			name = Release;
		};
/* End XCBuildConfiguration section */

/* Begin XCConfigurationList section */
		EE0249C12CFCA1AD00CA6901 /* Build configuration list for PBXProject "Pecker" */ = {
			isa = XCConfigurationList;
			buildConfigurations = (
				EE0249DC2CFCA1AF00CA6901 /* Debug */,
				EE0249DD2CFCA1AF00CA6901 /* Release */,
			);
			defaultConfigurationIsVisible = 0;
			defaultConfigurationName = Release;
		};
		EE0249D92CFCA1AF00CA6901 /* Build configuration list for PBXNativeTarget "Pecker" */ = {
			isa = XCConfigurationList;
			buildConfigurations = (
				EE0249DA2CFCA1AF00CA6901 /* Debug */,
				EE0249DB2CFCA1AF00CA6901 /* Release */,
			);
			defaultConfigurationIsVisible = 0;
			defaultConfigurationName = Release;
		};
/* End XCConfigurationList section */

/* Begin XCRemoteSwiftPackageReference section */
		EE4A16AC2D58F419001ADC2B /* XCRemoteSwiftPackageReference "mlx-swift-examples" */ = {
			isa = XCRemoteSwiftPackageReference;
			repositoryURL = "https://github.com/ml-explore/mlx-swift-examples/";
			requirement = {
				kind = upToNextMajorVersion;
				minimumVersion = 2.21.2;
			};
		};
		EE4A17022D5B1202001ADC2B /* XCRemoteSwiftPackageReference "FeedKit" */ = {
			isa = XCRemoteSwiftPackageReference;
			repositoryURL = "https://github.com/nmdias/FeedKit.git";
			requirement = {
				kind = upToNextMajorVersion;
				minimumVersion = 9.1.2;
			};
		};
		EE4A17052D5B1248001ADC2B /* XCRemoteSwiftPackageReference "SwiftSoup" */ = {
			isa = XCRemoteSwiftPackageReference;
			repositoryURL = "https://github.com/scinfu/SwiftSoup.git";
			requirement = {
				kind = upToNextMajorVersion;
				minimumVersion = 2.7.7;
			};
		};
		EE4A17082D5B1270001ADC2B /* XCRemoteSwiftPackageReference "Kingfisher" */ = {
			isa = XCRemoteSwiftPackageReference;
			repositoryURL = "https://github.com/onevcat/Kingfisher.git";
			requirement = {
				kind = upToNextMajorVersion;
				minimumVersion = 8.2.0;
			};
		};
		EE4A170B2D5B1332001ADC2B /* XCRemoteSwiftPackageReference "JXSegmentedView" */ = {
			isa = XCRemoteSwiftPackageReference;
			repositoryURL = "https://github.com/pujiaxin33/JXSegmentedView.git";
			requirement = {
				kind = upToNextMajorVersion;
				minimumVersion = 1.4.1;
			};
		};
		EED1C3A92D5B14DC006CF14D /* XCRemoteSwiftPackageReference "SwiftDate" */ = {
			isa = XCRemoteSwiftPackageReference;
			repositoryURL = "https://github.com/malcommac/SwiftDate.git";
			requirement = {
				kind = upToNextMajorVersion;
				minimumVersion = 7.0.0;
			};
		};
		EED1C3B12D5B1533006CF14D /* XCRemoteSwiftPackageReference "SwiftyJSON" */ = {
			isa = XCRemoteSwiftPackageReference;
			repositoryURL = "https://github.com/SwiftyJSON/SwiftyJSON.git";
			requirement = {
				kind = upToNextMajorVersion;
				minimumVersion = 5.0.2;
			};
		};
		EED1C3B42D5B1550006CF14D /* XCRemoteSwiftPackageReference "SwiftUIX" */ = {
			isa = XCRemoteSwiftPackageReference;
			repositoryURL = "https://github.com/SwiftUIX/SwiftUIX.git";
			requirement = {
				kind = upToNextMajorVersion;
				minimumVersion = 0.2.3;
			};
		};
		EED1C3BC2D5B166C006CF14D /* XCRemoteSwiftPackageReference "Down" */ = {
			isa = XCRemoteSwiftPackageReference;
			repositoryURL = "https://github.com/iwasrobbed/Down.git";
			requirement = {
				kind = upToNextMajorVersion;
				minimumVersion = 0.11.0;
			};
		};
		EED1C4BA2D5B170C006CF14D /* XCRemoteSwiftPackageReference "lottie-ios" */ = {
			isa = XCRemoteSwiftPackageReference;
			repositoryURL = "https://github.com/airbnb/lottie-ios.git";
			requirement = {
				kind = upToNextMajorVersion;
				minimumVersion = 4.5.1;
			};
		};
		EED1C4BD2D5B1720006CF14D /* XCRemoteSwiftPackageReference "SnapKit" */ = {
			isa = XCRemoteSwiftPackageReference;
			repositoryURL = "https://github.com/SnapKit/SnapKit.git";
			requirement = {
				kind = upToNextMajorVersion;
				minimumVersion = 5.7.1;
			};
		};
		EED1C5BE2D5B187F006CF14D /* XCRemoteSwiftPackageReference "AEXML" */ = {
			isa = XCRemoteSwiftPackageReference;
			repositoryURL = "https://github.com/tadija/AEXML.git";
			requirement = {
				kind = upToNextMajorVersion;
				minimumVersion = 4.7.0;
			};
		};
		EED1C5C12D5B1916006CF14D /* XCRemoteSwiftPackageReference "realm-swift" */ = {
			isa = XCRemoteSwiftPackageReference;
			repositoryURL = "https://github.com/realm/realm-swift.git";
			requirement = {
				kind = upToNextMajorVersion;
				minimumVersion = 20.0.1;
			};
		};
/* End XCRemoteSwiftPackageReference section */

/* Begin XCSwiftPackageProductDependency section */
		EE4A16AD2D58F419001ADC2B /* MLXLLM */ = {
			isa = XCSwiftPackageProductDependency;
			package = EE4A16AC2D58F419001ADC2B /* XCRemoteSwiftPackageReference "mlx-swift-examples" */;
			productName = MLXLLM;
		};
		EE4A16AF2D58F419001ADC2B /* MLXLMCommon */ = {
			isa = XCSwiftPackageProductDependency;
			package = EE4A16AC2D58F419001ADC2B /* XCRemoteSwiftPackageReference "mlx-swift-examples" */;
			productName = MLXLMCommon;
		};
		EE4A16B12D58F419001ADC2B /* MLXMNIST */ = {
			isa = XCSwiftPackageProductDependency;
			package = EE4A16AC2D58F419001ADC2B /* XCRemoteSwiftPackageReference "mlx-swift-examples" */;
			productName = MLXMNIST;
		};
		EE4A16B32D58F419001ADC2B /* MLXVLM */ = {
			isa = XCSwiftPackageProductDependency;
			package = EE4A16AC2D58F419001ADC2B /* XCRemoteSwiftPackageReference "mlx-swift-examples" */;
			productName = MLXVLM;
		};
		EE4A16B52D58F419001ADC2B /* StableDiffusion */ = {
			isa = XCSwiftPackageProductDependency;
			package = EE4A16AC2D58F419001ADC2B /* XCRemoteSwiftPackageReference "mlx-swift-examples" */;
			productName = StableDiffusion;
		};
		EE4A17032D5B1202001ADC2B /* FeedKit */ = {
			isa = XCSwiftPackageProductDependency;
			package = EE4A17022D5B1202001ADC2B /* XCRemoteSwiftPackageReference "FeedKit" */;
			productName = FeedKit;
		};
		EE4A17062D5B1248001ADC2B /* SwiftSoup */ = {
			isa = XCSwiftPackageProductDependency;
			package = EE4A17052D5B1248001ADC2B /* XCRemoteSwiftPackageReference "SwiftSoup" */;
			productName = SwiftSoup;
		};
		EE4A17092D5B1270001ADC2B /* Kingfisher */ = {
			isa = XCSwiftPackageProductDependency;
			package = EE4A17082D5B1270001ADC2B /* XCRemoteSwiftPackageReference "Kingfisher" */;
			productName = Kingfisher;
		};
		EE4A170C2D5B1332001ADC2B /* JXSegmentedView */ = {
			isa = XCSwiftPackageProductDependency;
			package = EE4A170B2D5B1332001ADC2B /* XCRemoteSwiftPackageReference "JXSegmentedView" */;
			productName = JXSegmentedView;
		};
		EED1C3AA2D5B14DC006CF14D /* SwiftDate */ = {
			isa = XCSwiftPackageProductDependency;
			package = EED1C3A92D5B14DC006CF14D /* XCRemoteSwiftPackageReference "SwiftDate" */;
			productName = SwiftDate;
		};
		EED1C3B22D5B1533006CF14D /* SwiftyJSON */ = {
			isa = XCSwiftPackageProductDependency;
			package = EED1C3B12D5B1533006CF14D /* XCRemoteSwiftPackageReference "SwiftyJSON" */;
			productName = SwiftyJSON;
		};
		EED1C3B52D5B1550006CF14D /* SwiftUIX */ = {
			isa = XCSwiftPackageProductDependency;
			package = EED1C3B42D5B1550006CF14D /* XCRemoteSwiftPackageReference "SwiftUIX" */;
			productName = SwiftUIX;
		};
		EED1C3BD2D5B166C006CF14D /* Down */ = {
			isa = XCSwiftPackageProductDependency;
			package = EED1C3BC2D5B166C006CF14D /* XCRemoteSwiftPackageReference "Down" */;
			productName = Down;
		};
		EED1C4BB2D5B170C006CF14D /* Lottie */ = {
			isa = XCSwiftPackageProductDependency;
			package = EED1C4BA2D5B170C006CF14D /* XCRemoteSwiftPackageReference "lottie-ios" */;
			productName = Lottie;
		};
		EED1C4BE2D5B1720006CF14D /* SnapKit */ = {
			isa = XCSwiftPackageProductDependency;
			package = EED1C4BD2D5B1720006CF14D /* XCRemoteSwiftPackageReference "SnapKit" */;
			productName = SnapKit;
		};
		EED1C5BF2D5B187F006CF14D /* AEXML */ = {
			isa = XCSwiftPackageProductDependency;
			package = EED1C5BE2D5B187F006CF14D /* XCRemoteSwiftPackageReference "AEXML" */;
			productName = AEXML;
		};
		EED1C5C22D5B1916006CF14D /* RealmSwift */ = {
			isa = XCSwiftPackageProductDependency;
			package = EED1C5C12D5B1916006CF14D /* XCRemoteSwiftPackageReference "realm-swift" */;
			productName = RealmSwift;
		};
/* End XCSwiftPackageProductDependency section */
	};
	rootObject = EE0249BE2CFCA1AD00CA6901 /* Project object */;
}
